
Microsoft Visual Studio Solution File, Format Version 12.00
# Visual Studio 14
VisualStudioVersion = 14.0.25420.1
MinimumVisualStudioVersion = 10.0.40219.1
Project("{2150E333-8FDC-42A3-9474-1A3956D46DE8}") = "src", "src", "{A70FA03D-47B3-4229-AB29-074CB13EABC5}"
EndProject
Project("{2150E333-8FDC-42A3-9474-1A3956D46DE8}") = "Solution Items", "Solution Items", "{7FC3FBCE-398E-48FD-BA79-F07E60BBD7ED}"
	ProjectSection(SolutionItems) = preProject
		global.json = global.json
	EndProjectSection
EndProject
Project("{8BB2217D-0F2D-49D1-97BC-3654ED321F3B}") = "AspNetCoreCertError", "src\AspNetCoreCertError\AspNetCoreCertError.xproj", "{3033B4EC-2907-483D-AE1E-1A8F626682CC}"
EndProject
Global
	GlobalSection(SolutionConfigurationPlatforms) = preSolution
		Debug|Any CPU = Debug|Any CPU
		Release|Any CPU = Release|Any CPU
	EndGlobalSection
	GlobalSection(ProjectConfigurationPlatforms) = postSolution
		{3033B4EC-2907-483D-AE1E-1A8F626682CC}.Debug|Any CPU.ActiveCfg = Debug|Any CPU
		{3033B4EC-2907-483D-AE1E-1A8F626682CC}.Debug|Any CPU.Build.0 = Debug|Any CPU
		{3033B4EC-2907-483D-AE1E-1A8F626682CC}.Release|Any CPU.ActiveCfg = Release|Any CPU
		{3033B4EC-2907-483D-AE1E-1A8F626682CC}.Release|Any CPU.Build.0 = Release|Any CPU
	EndGlobalSection
	GlobalSection(SolutionProperties) = preSolution
		HideSolutionNode = FALSE
	EndGlobalSection
	GlobalSection(NestedProjects) = preSolution
		{3033B4EC-2907-483D-AE1E-1A8F626682CC} = {A70FA03D-47B3-4229-AB29-074CB13EABC5}
	EndGlobalSection
EndGlobal
